// !$*UTF8*$!
{
	archiveVersion = 1;
	classes = {
	};
	objectVersion = 50;
	objects = {

/* Begin PBXBuildFile section */
		050AD06125EC697F0090D28A /* ScrollingViewScreen.swift in Sources */ = {isa = PBXBuildFile; fileRef = 050AD06025EC697F0090D28A /* ScrollingViewScreen.swift */; };
		0512FA8A25EC5F7700871C2E /* LoginScreen.swift in Sources */ = {isa = PBXBuildFile; fileRef = 0512FA8925EC5F7700871C2E /* LoginScreen.swift */; };
		0512FA9325EC625900871C2E /* SeconTestViewScreen.swift in Sources */ = {isa = PBXBuildFile; fileRef = 0512FA9225EC625900871C2E /* SeconTestViewScreen.swift */; };
		0519184025DF5D7E0082F78E /* AppDelegate.swift in Sources */ = {isa = PBXBuildFile; fileRef = 0519183F25DF5D7E0082F78E /* AppDelegate.swift */; };
		0519184225DF5D7E0082F78E /* SceneDelegate.swift in Sources */ = {isa = PBXBuildFile; fileRef = 0519184125DF5D7E0082F78E /* SceneDelegate.swift */; };
		0519184425DF5D7E0082F78E /* ContentView.swift in Sources */ = {isa = PBXBuildFile; fileRef = 0519184325DF5D7E0082F78E /* ContentView.swift */; };
		0519184625DF5D7F0082F78E /* Assets.xcassets in Resources */ = {isa = PBXBuildFile; fileRef = 0519184525DF5D7F0082F78E /* Assets.xcassets */; };
		0519184925DF5D7F0082F78E /* Preview Assets.xcassets in Resources */ = {isa = PBXBuildFile; fileRef = 0519184825DF5D7F0082F78E /* Preview Assets.xcassets */; };
		0519184C25DF5D7F0082F78E /* LaunchScreen.storyboard in Resources */ = {isa = PBXBuildFile; fileRef = 0519184A25DF5D7F0082F78E /* LaunchScreen.storyboard */; };
		0519185725DF5D7F0082F78E /* XCUITestExample_Tests.swift in Sources */ = {isa = PBXBuildFile; fileRef = 0519185625DF5D7F0082F78E /* XCUITestExample_Tests.swift */; };
		0519186225DF5D7F0082F78E /* XCUITestExample_UITests.swift in Sources */ = {isa = PBXBuildFile; fileRef = 0519186125DF5D7F0082F78E /* XCUITestExample_UITests.swift */; };
		053402A925F30D0100B9D893 /* XCUITestExample_UITestsYouTube.swift in Sources */ = {isa = PBXBuildFile; fileRef = 053402A825F30D0100B9D893 /* XCUITestExample_UITestsYouTube.swift */; };
		053402BB25F317B400B9D893 /* XCUITestExample_UITestsTest.swift in Sources */ = {isa = PBXBuildFile; fileRef = 053402BA25F317B400B9D893 /* XCUITestExample_UITestsTest.swift */; };
		0598167E25E73DB400D37AF6 /* SecondTestView.swift in Sources */ = {isa = PBXBuildFile; fileRef = 0598167D25E73DB400D37AF6 /* SecondTestView.swift */; };
		059A960325E89A6A00239FF5 /* ScrollingView.swift in Sources */ = {isa = PBXBuildFile; fileRef = 059A960225E89A6A00239FF5 /* ScrollingView.swift */; };
/* End PBXBuildFile section */

/* Begin PBXContainerItemProxy section */
		0519185325DF5D7F0082F78E /* PBXContainerItemProxy */ = {
			isa = PBXContainerItemProxy;
			containerPortal = 0519183425DF5D7E0082F78E /* Project object */;
			proxyType = 1;
			remoteGlobalIDString = 0519183B25DF5D7E0082F78E;
			remoteInfo = XCUITestExample.;
		};
		0519185E25DF5D7F0082F78E /* PBXContainerItemProxy */ = {
			isa = PBXContainerItemProxy;
			containerPortal = 0519183425DF5D7E0082F78E /* Project object */;
			proxyType = 1;
			remoteGlobalIDString = 0519183B25DF5D7E0082F78E;
			remoteInfo = XCUITestExample.;
		};
		053402AB25F30D0100B9D893 /* PBXContainerItemProxy */ = {
			isa = PBXContainerItemProxy;
			containerPortal = 0519183425DF5D7E0082F78E /* Project object */;
			proxyType = 1;
			remoteGlobalIDString = 0519183B25DF5D7E0082F78E;
			remoteInfo = XCUITestExample.;
		};
		053402BD25F317B400B9D893 /* PBXContainerItemProxy */ = {
			isa = PBXContainerItemProxy;
			containerPortal = 0519183425DF5D7E0082F78E /* Project object */;
			proxyType = 1;
			remoteGlobalIDString = 0519183B25DF5D7E0082F78E;
			remoteInfo = XCUITestExample.;
		};
/* End PBXContainerItemProxy section */

/* Begin PBXFileReference section */
		050AD06025EC697F0090D28A /* ScrollingViewScreen.swift */ = {isa = PBXFileReference; lastKnownFileType = sourcecode.swift; path = ScrollingViewScreen.swift; sourceTree = "<group>"; };
		0512FA8925EC5F7700871C2E /* LoginScreen.swift */ = {isa = PBXFileReference; lastKnownFileType = sourcecode.swift; path = LoginScreen.swift; sourceTree = "<group>"; };
		0512FA9225EC625900871C2E /* SeconTestViewScreen.swift */ = {isa = PBXFileReference; lastKnownFileType = sourcecode.swift; path = SeconTestViewScreen.swift; sourceTree = "<group>"; };
		0519183C25DF5D7E0082F78E /* XCUITestExample..app */ = {isa = PBXFileReference; explicitFileType = wrapper.application; includeInIndex = 0; path = XCUITestExample..app; sourceTree = BUILT_PRODUCTS_DIR; };
		0519183F25DF5D7E0082F78E /* AppDelegate.swift */ = {isa = PBXFileReference; lastKnownFileType = sourcecode.swift; path = AppDelegate.swift; sourceTree = "<group>"; };
		0519184125DF5D7E0082F78E /* SceneDelegate.swift */ = {isa = PBXFileReference; lastKnownFileType = sourcecode.swift; path = SceneDelegate.swift; sourceTree = "<group>"; };
		0519184325DF5D7E0082F78E /* ContentView.swift */ = {isa = PBXFileReference; lastKnownFileType = sourcecode.swift; path = ContentView.swift; sourceTree = "<group>"; };
		0519184525DF5D7F0082F78E /* Assets.xcassets */ = {isa = PBXFileReference; lastKnownFileType = folder.assetcatalog; path = Assets.xcassets; sourceTree = "<group>"; };
		0519184825DF5D7F0082F78E /* Preview Assets.xcassets */ = {isa = PBXFileReference; lastKnownFileType = folder.assetcatalog; path = "Preview Assets.xcassets"; sourceTree = "<group>"; };
		0519184B25DF5D7F0082F78E /* Base */ = {isa = PBXFileReference; lastKnownFileType = file.storyboard; name = Base; path = Base.lproj/LaunchScreen.storyboard; sourceTree = "<group>"; };
		0519184D25DF5D7F0082F78E /* Info.plist */ = {isa = PBXFileReference; lastKnownFileType = text.plist.xml; path = Info.plist; sourceTree = "<group>"; };
		0519185225DF5D7F0082F78E /* XCUITestExample.Tests.xctest */ = {isa = PBXFileReference; explicitFileType = wrapper.cfbundle; includeInIndex = 0; path = XCUITestExample.Tests.xctest; sourceTree = BUILT_PRODUCTS_DIR; };
		0519185625DF5D7F0082F78E /* XCUITestExample_Tests.swift */ = {isa = PBXFileReference; lastKnownFileType = sourcecode.swift; path = XCUITestExample_Tests.swift; sourceTree = "<group>"; };
		0519185825DF5D7F0082F78E /* Info.plist */ = {isa = PBXFileReference; lastKnownFileType = text.plist.xml; path = Info.plist; sourceTree = "<group>"; };
		0519185D25DF5D7F0082F78E /* XCUITestExample.UITests.xctest */ = {isa = PBXFileReference; explicitFileType = wrapper.cfbundle; includeInIndex = 0; path = XCUITestExample.UITests.xctest; sourceTree = BUILT_PRODUCTS_DIR; };
		0519186125DF5D7F0082F78E /* XCUITestExample_UITests.swift */ = {isa = PBXFileReference; lastKnownFileType = sourcecode.swift; path = XCUITestExample_UITests.swift; sourceTree = "<group>"; };
		0519186325DF5D7F0082F78E /* Info.plist */ = {isa = PBXFileReference; lastKnownFileType = text.plist.xml; path = Info.plist; sourceTree = "<group>"; };
		053402A625F30D0100B9D893 /* XCUITestExample.UITestsYouTube.xctest */ = {isa = PBXFileReference; explicitFileType = wrapper.cfbundle; includeInIndex = 0; path = XCUITestExample.UITestsYouTube.xctest; sourceTree = BUILT_PRODUCTS_DIR; };
		053402A825F30D0100B9D893 /* XCUITestExample_UITestsYouTube.swift */ = {isa = PBXFileReference; lastKnownFileType = sourcecode.swift; path = XCUITestExample_UITestsYouTube.swift; sourceTree = "<group>"; };
		053402AA25F30D0100B9D893 /* Info.plist */ = {isa = PBXFileReference; lastKnownFileType = text.plist.xml; path = Info.plist; sourceTree = "<group>"; };
		053402B825F317B400B9D893 /* XCUITestExample.UITestsTest.xctest */ = {isa = PBXFileReference; explicitFileType = wrapper.cfbundle; includeInIndex = 0; path = XCUITestExample.UITestsTest.xctest; sourceTree = BUILT_PRODUCTS_DIR; };
		053402BA25F317B400B9D893 /* XCUITestExample_UITestsTest.swift */ = {isa = PBXFileReference; lastKnownFileType = sourcecode.swift; path = XCUITestExample_UITestsTest.swift; sourceTree = "<group>"; };
		053402BC25F317B400B9D893 /* Info.plist */ = {isa = PBXFileReference; lastKnownFileType = text.plist.xml; path = Info.plist; sourceTree = "<group>"; };
		0598167D25E73DB400D37AF6 /* SecondTestView.swift */ = {isa = PBXFileReference; lastKnownFileType = sourcecode.swift; path = SecondTestView.swift; sourceTree = "<group>"; };
		059A960225E89A6A00239FF5 /* ScrollingView.swift */ = {isa = PBXFileReference; lastKnownFileType = sourcecode.swift; path = ScrollingView.swift; sourceTree = "<group>"; };
/* End PBXFileReference section */

/* Begin PBXFrameworksBuildPhase section */
		0519183925DF5D7E0082F78E /* Frameworks */ = {
			isa = PBXFrameworksBuildPhase;
			buildActionMask = 2147483647;
			files = (
			);
			runOnlyForDeploymentPostprocessing = 0;
		};
		0519184F25DF5D7F0082F78E /* Frameworks */ = {
			isa = PBXFrameworksBuildPhase;
			buildActionMask = 2147483647;
			files = (
			);
			runOnlyForDeploymentPostprocessing = 0;
		};
		0519185A25DF5D7F0082F78E /* Frameworks */ = {
			isa = PBXFrameworksBuildPhase;
			buildActionMask = 2147483647;
			files = (
			);
			runOnlyForDeploymentPostprocessing = 0;
		};
		053402A325F30D0100B9D893 /* Frameworks */ = {
			isa = PBXFrameworksBuildPhase;
			buildActionMask = 2147483647;
			files = (
			);
			runOnlyForDeploymentPostprocessing = 0;
		};
		053402B525F317B400B9D893 /* Frameworks */ = {
			isa = PBXFrameworksBuildPhase;
			buildActionMask = 2147483647;
			files = (
			);
			runOnlyForDeploymentPostprocessing = 0;
		};
/* End PBXFrameworksBuildPhase section */

/* Begin PBXGroup section */
		0512FA8E25EC61EF00871C2E /* ScreenObjectModel */ = {
			isa = PBXGroup;
			children = (
				0512FA8925EC5F7700871C2E /* LoginScreen.swift */,
				0512FA9225EC625900871C2E /* SeconTestViewScreen.swift */,
				050AD06025EC697F0090D28A /* ScrollingViewScreen.swift */,
			);
			path = ScreenObjectModel;
			sourceTree = "<group>";
		};
		0519183325DF5D7E0082F78E = {
			isa = PBXGroup;
			children = (
				0519183E25DF5D7E0082F78E /* XCUITestExample. */,
				0519185525DF5D7F0082F78E /* XCUITestExample.Tests */,
				0519186025DF5D7F0082F78E /* XCUITestExample.UITests */,
				053402A725F30D0100B9D893 /* XCUITestExample.UITestsYouTube */,
				053402B925F317B400B9D893 /* XCUITestExample.UITestsTest */,
				0519183D25DF5D7E0082F78E /* Products */,
			);
			sourceTree = "<group>";
		};
		0519183D25DF5D7E0082F78E /* Products */ = {
			isa = PBXGroup;
			children = (
				0519183C25DF5D7E0082F78E /* XCUITestExample..app */,
				0519185225DF5D7F0082F78E /* XCUITestExample.Tests.xctest */,
				0519185D25DF5D7F0082F78E /* XCUITestExample.UITests.xctest */,
				053402A625F30D0100B9D893 /* XCUITestExample.UITestsYouTube.xctest */,
				053402B825F317B400B9D893 /* XCUITestExample.UITestsTest.xctest */,
			);
			name = Products;
			sourceTree = "<group>";
		};
		0519183E25DF5D7E0082F78E /* XCUITestExample. */ = {
			isa = PBXGroup;
			children = (
				0598167925E73D5700D37AF6 /* Views */,
				0519183F25DF5D7E0082F78E /* AppDelegate.swift */,
				0519184125DF5D7E0082F78E /* SceneDelegate.swift */,
				0519184525DF5D7F0082F78E /* Assets.xcassets */,
				0519184A25DF5D7F0082F78E /* LaunchScreen.storyboard */,
				0519184D25DF5D7F0082F78E /* Info.plist */,
				0519184725DF5D7F0082F78E /* Preview Content */,
			);
			path = XCUITestExample.;
			sourceTree = "<group>";
		};
		0519184725DF5D7F0082F78E /* Preview Content */ = {
			isa = PBXGroup;
			children = (
				0519184825DF5D7F0082F78E /* Preview Assets.xcassets */,
			);
			path = "Preview Content";
			sourceTree = "<group>";
		};
		0519185525DF5D7F0082F78E /* XCUITestExample.Tests */ = {
			isa = PBXGroup;
			children = (
				0519185625DF5D7F0082F78E /* XCUITestExample_Tests.swift */,
				0519185825DF5D7F0082F78E /* Info.plist */,
			);
			path = XCUITestExample.Tests;
			sourceTree = "<group>";
		};
		0519186025DF5D7F0082F78E /* XCUITestExample.UITests */ = {
			isa = PBXGroup;
			children = (
				0512FA8E25EC61EF00871C2E /* ScreenObjectModel */,
				0519186125DF5D7F0082F78E /* XCUITestExample_UITests.swift */,
				0519186325DF5D7F0082F78E /* Info.plist */,
			);
			path = XCUITestExample.UITests;
			sourceTree = "<group>";
		};
		053402A725F30D0100B9D893 /* XCUITestExample.UITestsYouTube */ = {
			isa = PBXGroup;
			children = (
				053402A825F30D0100B9D893 /* XCUITestExample_UITestsYouTube.swift */,
				053402AA25F30D0100B9D893 /* Info.plist */,
			);
			path = XCUITestExample.UITestsYouTube;
			sourceTree = "<group>";
		};
		053402B925F317B400B9D893 /* XCUITestExample.UITestsTest */ = {
			isa = PBXGroup;
			children = (
				053402BA25F317B400B9D893 /* XCUITestExample_UITestsTest.swift */,
				053402BC25F317B400B9D893 /* Info.plist */,
			);
			path = XCUITestExample.UITestsTest;
			sourceTree = "<group>";
		};
		0598167925E73D5700D37AF6 /* Views */ = {
			isa = PBXGroup;
			children = (
				0519184325DF5D7E0082F78E /* ContentView.swift */,
				0598167D25E73DB400D37AF6 /* SecondTestView.swift */,
				059A960225E89A6A00239FF5 /* ScrollingView.swift */,
			);
			path = Views;
			sourceTree = "<group>";
		};
/* End PBXGroup section */

/* Begin PBXNativeTarget section */
		0519183B25DF5D7E0082F78E /* XCUITestExample. */ = {
			isa = PBXNativeTarget;
			buildConfigurationList = 0519186625DF5D7F0082F78E /* Build configuration list for PBXNativeTarget "XCUITestExample." */;
			buildPhases = (
				0519183825DF5D7E0082F78E /* Sources */,
				0519183925DF5D7E0082F78E /* Frameworks */,
				0519183A25DF5D7E0082F78E /* Resources */,
			);
			buildRules = (
			);
			dependencies = (
			);
			name = XCUITestExample.;
			productName = XCUITestExample.;
			productReference = 0519183C25DF5D7E0082F78E /* XCUITestExample..app */;
			productType = "com.apple.product-type.application";
		};
		0519185125DF5D7F0082F78E /* XCUITestExample.Tests */ = {
			isa = PBXNativeTarget;
			buildConfigurationList = 0519186925DF5D7F0082F78E /* Build configuration list for PBXNativeTarget "XCUITestExample.Tests" */;
			buildPhases = (
				0519184E25DF5D7F0082F78E /* Sources */,
				0519184F25DF5D7F0082F78E /* Frameworks */,
				0519185025DF5D7F0082F78E /* Resources */,
			);
			buildRules = (
			);
			dependencies = (
				0519185425DF5D7F0082F78E /* PBXTargetDependency */,
			);
			name = XCUITestExample.Tests;
			productName = XCUITestExample.Tests;
			productReference = 0519185225DF5D7F0082F78E /* XCUITestExample.Tests.xctest */;
			productType = "com.apple.product-type.bundle.unit-test";
		};
		0519185C25DF5D7F0082F78E /* XCUITestExample.UITests */ = {
			isa = PBXNativeTarget;
			buildConfigurationList = 0519186C25DF5D7F0082F78E /* Build configuration list for PBXNativeTarget "XCUITestExample.UITests" */;
			buildPhases = (
				0519185925DF5D7F0082F78E /* Sources */,
				0519185A25DF5D7F0082F78E /* Frameworks */,
				0519185B25DF5D7F0082F78E /* Resources */,
			);
			buildRules = (
			);
			dependencies = (
				0519185F25DF5D7F0082F78E /* PBXTargetDependency */,
			);
			name = XCUITestExample.UITests;
			productName = XCUITestExample.UITests;
			productReference = 0519185D25DF5D7F0082F78E /* XCUITestExample.UITests.xctest */;
			productType = "com.apple.product-type.bundle.ui-testing";
		};
		053402A525F30D0100B9D893 /* XCUITestExample.UITestsYouTube */ = {
			isa = PBXNativeTarget;
			buildConfigurationList = 053402AF25F30D0100B9D893 /* Build configuration list for PBXNativeTarget "XCUITestExample.UITestsYouTube" */;
			buildPhases = (
				053402A225F30D0100B9D893 /* Sources */,
				053402A325F30D0100B9D893 /* Frameworks */,
				053402A425F30D0100B9D893 /* Resources */,
			);
			buildRules = (
			);
			dependencies = (
				053402AC25F30D0100B9D893 /* PBXTargetDependency */,
			);
			name = XCUITestExample.UITestsYouTube;
			productName = XCUITestExample.UITestsYouTube;
			productReference = 053402A625F30D0100B9D893 /* XCUITestExample.UITestsYouTube.xctest */;
			productType = "com.apple.product-type.bundle.ui-testing";
		};
		053402B725F317B400B9D893 /* XCUITestExample.UITestsTest */ = {
			isa = PBXNativeTarget;
			buildConfigurationList = 053402BF25F317B400B9D893 /* Build configuration list for PBXNativeTarget "XCUITestExample.UITestsTest" */;
			buildPhases = (
				053402B425F317B400B9D893 /* Sources */,
				053402B525F317B400B9D893 /* Frameworks */,
				053402B625F317B400B9D893 /* Resources */,
			);
			buildRules = (
			);
			dependencies = (
				053402BE25F317B400B9D893 /* PBXTargetDependency */,
			);
			name = XCUITestExample.UITestsTest;
			productName = XCUITestExample.UITestsTest;
			productReference = 053402B825F317B400B9D893 /* XCUITestExample.UITestsTest.xctest */;
			productType = "com.apple.product-type.bundle.ui-testing";
		};
/* End PBXNativeTarget section */

/* Begin PBXProject section */
		0519183425DF5D7E0082F78E /* Project object */ = {
			isa = PBXProject;
			attributes = {
				LastSwiftUpdateCheck = 1230;
				LastUpgradeCheck = 1230;
				TargetAttributes = {
					0519183B25DF5D7E0082F78E = {
						CreatedOnToolsVersion = 12.3;
					};
					0519185125DF5D7F0082F78E = {
						CreatedOnToolsVersion = 12.3;
						TestTargetID = 0519183B25DF5D7E0082F78E;
					};
					0519185C25DF5D7F0082F78E = {
						CreatedOnToolsVersion = 12.3;
						TestTargetID = 0519183B25DF5D7E0082F78E;
					};
					053402A525F30D0100B9D893 = {
						CreatedOnToolsVersion = 12.3;
						TestTargetID = 0519183B25DF5D7E0082F78E;
					};
					053402B725F317B400B9D893 = {
						CreatedOnToolsVersion = 12.3;
						TestTargetID = 0519183B25DF5D7E0082F78E;
					};
				};
			};
			buildConfigurationList = 0519183725DF5D7E0082F78E /* Build configuration list for PBXProject "XCUITestExample." */;
			compatibilityVersion = "Xcode 9.3";
			developmentRegion = en;
			hasScannedForEncodings = 0;
			knownRegions = (
				en,
				Base,
			);
			mainGroup = 0519183325DF5D7E0082F78E;
			productRefGroup = 0519183D25DF5D7E0082F78E /* Products */;
			projectDirPath = "";
			projectRoot = "";
			targets = (
				0519183B25DF5D7E0082F78E /* XCUITestExample. */,
				0519185125DF5D7F0082F78E /* XCUITestExample.Tests */,
				0519185C25DF5D7F0082F78E /* XCUITestExample.UITests */,
				053402A525F30D0100B9D893 /* XCUITestExample.UITestsYouTube */,
				053402B725F317B400B9D893 /* XCUITestExample.UITestsTest */,
			);
		};
/* End PBXProject section */

/* Begin PBXResourcesBuildPhase section */
		0519183A25DF5D7E0082F78E /* Resources */ = {
			isa = PBXResourcesBuildPhase;
			buildActionMask = 2147483647;
			files = (
				0519184C25DF5D7F0082F78E /* LaunchScreen.storyboard in Resources */,
				0519184925DF5D7F0082F78E /* Preview Assets.xcassets in Resources */,
				0519184625DF5D7F0082F78E /* Assets.xcassets in Resources */,
			);
			runOnlyForDeploymentPostprocessing = 0;
		};
		0519185025DF5D7F0082F78E /* Resources */ = {
			isa = PBXResourcesBuildPhase;
			buildActionMask = 2147483647;
			files = (
			);
			runOnlyForDeploymentPostprocessing = 0;
		};
		0519185B25DF5D7F0082F78E /* Resources */ = {
			isa = PBXResourcesBuildPhase;
			buildActionMask = 2147483647;
			files = (
			);
			runOnlyForDeploymentPostprocessing = 0;
		};
		053402A425F30D0100B9D893 /* Resources */ = {
			isa = PBXResourcesBuildPhase;
			buildActionMask = 2147483647;
			files = (
			);
			runOnlyForDeploymentPostprocessing = 0;
		};
		053402B625F317B400B9D893 /* Resources */ = {
			isa = PBXResourcesBuildPhase;
			buildActionMask = 2147483647;
			files = (
			);
			runOnlyForDeploymentPostprocessing = 0;
		};
/* End PBXResourcesBuildPhase section */

/* Begin PBXSourcesBuildPhase section */
		0519183825DF5D7E0082F78E /* Sources */ = {
			isa = PBXSourcesBuildPhase;
			buildActionMask = 2147483647;
			files = (
				0519184025DF5D7E0082F78E /* AppDelegate.swift in Sources */,
				0519184225DF5D7E0082F78E /* SceneDelegate.swift in Sources */,
				059A960325E89A6A00239FF5 /* ScrollingView.swift in Sources */,
				0598167E25E73DB400D37AF6 /* SecondTestView.swift in Sources */,
				0519184425DF5D7E0082F78E /* ContentView.swift in Sources */,
			);
			runOnlyForDeploymentPostprocessing = 0;
		};
		0519184E25DF5D7F0082F78E /* Sources */ = {
			isa = PBXSourcesBuildPhase;
			buildActionMask = 2147483647;
			files = (
				0519185725DF5D7F0082F78E /* XCUITestExample_Tests.swift in Sources */,
			);
			runOnlyForDeploymentPostprocessing = 0;
		};
		0519185925DF5D7F0082F78E /* Sources */ = {
			isa = PBXSourcesBuildPhase;
			buildActionMask = 2147483647;
			files = (
				050AD06125EC697F0090D28A /* ScrollingViewScreen.swift in Sources */,
				0519186225DF5D7F0082F78E /* XCUITestExample_UITests.swift in Sources */,
				0512FA8A25EC5F7700871C2E /* LoginScreen.swift in Sources */,
				0512FA9325EC625900871C2E /* SeconTestViewScreen.swift in Sources */,
			);
			runOnlyForDeploymentPostprocessing = 0;
		};
		053402A225F30D0100B9D893 /* Sources */ = {
			isa = PBXSourcesBuildPhase;
			buildActionMask = 2147483647;
			files = (
				053402A925F30D0100B9D893 /* XCUITestExample_UITestsYouTube.swift in Sources */,
			);
			runOnlyForDeploymentPostprocessing = 0;
		};
		053402B425F317B400B9D893 /* Sources */ = {
			isa = PBXSourcesBuildPhase;
			buildActionMask = 2147483647;
			files = (
				053402BB25F317B400B9D893 /* XCUITestExample_UITestsTest.swift in Sources */,
			);
			runOnlyForDeploymentPostprocessing = 0;
		};
/* End PBXSourcesBuildPhase section */

/* Begin PBXTargetDependency section */
		0519185425DF5D7F0082F78E /* PBXTargetDependency */ = {
			isa = PBXTargetDependency;
			target = 0519183B25DF5D7E0082F78E /* XCUITestExample. */;
			targetProxy = 0519185325DF5D7F0082F78E /* PBXContainerItemProxy */;
		};
		0519185F25DF5D7F0082F78E /* PBXTargetDependency */ = {
			isa = PBXTargetDependency;
			target = 0519183B25DF5D7E0082F78E /* XCUITestExample. */;
			targetProxy = 0519185E25DF5D7F0082F78E /* PBXContainerItemProxy */;
		};
		053402AC25F30D0100B9D893 /* PBXTargetDependency */ = {
			isa = PBXTargetDependency;
			target = 0519183B25DF5D7E0082F78E /* XCUITestExample. */;
			targetProxy = 053402AB25F30D0100B9D893 /* PBXContainerItemProxy */;
		};
		053402BE25F317B400B9D893 /* PBXTargetDependency */ = {
			isa = PBXTargetDependency;
			target = 0519183B25DF5D7E0082F78E /* XCUITestExample. */;
			targetProxy = 053402BD25F317B400B9D893 /* PBXContainerItemProxy */;
		};
/* End PBXTargetDependency section */

/* Begin PBXVariantGroup section */
		0519184A25DF5D7F0082F78E /* LaunchScreen.storyboard */ = {
			isa = PBXVariantGroup;
			children = (
				0519184B25DF5D7F0082F78E /* Base */,
			);
			name = LaunchScreen.storyboard;
			sourceTree = "<group>";
		};
/* End PBXVariantGroup section */

/* Begin XCBuildConfiguration section */
		0519186425DF5D7F0082F78E /* Debug */ = {
			isa = XCBuildConfiguration;
			buildSettings = {
				ALWAYS_SEARCH_USER_PATHS = NO;
				CLANG_ANALYZER_NONNULL = YES;
				CLANG_ANALYZER_NUMBER_OBJECT_CONVERSION = YES_AGGRESSIVE;
				CLANG_CXX_LANGUAGE_STANDARD = "gnu++14";
				CLANG_CXX_LIBRARY = "libc++";
				CLANG_ENABLE_MODULES = YES;
				CLANG_ENABLE_OBJC_ARC = YES;
				CLANG_ENABLE_OBJC_WEAK = YES;
				CLANG_WARN_BLOCK_CAPTURE_AUTORELEASING = YES;
				CLANG_WARN_BOOL_CONVERSION = YES;
				CLANG_WARN_COMMA = YES;
				CLANG_WARN_CONSTANT_CONVERSION = YES;
				CLANG_WARN_DEPRECATED_OBJC_IMPLEMENTATIONS = YES;
				CLANG_WARN_DIRECT_OBJC_ISA_USAGE = YES_ERROR;
				CLANG_WARN_DOCUMENTATION_COMMENTS = YES;
				CLANG_WARN_EMPTY_BODY = YES;
				CLANG_WARN_ENUM_CONVERSION = YES;
				CLANG_WARN_INFINITE_RECURSION = YES;
				CLANG_WARN_INT_CONVERSION = YES;
				CLANG_WARN_NON_LITERAL_NULL_CONVERSION = YES;
				CLANG_WARN_OBJC_IMPLICIT_RETAIN_SELF = YES;
				CLANG_WARN_OBJC_LITERAL_CONVERSION = YES;
				CLANG_WARN_OBJC_ROOT_CLASS = YES_ERROR;
				CLANG_WARN_QUOTED_INCLUDE_IN_FRAMEWORK_HEADER = YES;
				CLANG_WARN_RANGE_LOOP_ANALYSIS = YES;
				CLANG_WARN_STRICT_PROTOTYPES = YES;
				CLANG_WARN_SUSPICIOUS_MOVE = YES;
				CLANG_WARN_UNGUARDED_AVAILABILITY = YES_AGGRESSIVE;
				CLANG_WARN_UNREACHABLE_CODE = YES;
				CLANG_WARN__DUPLICATE_METHOD_MATCH = YES;
				COPY_PHASE_STRIP = NO;
				DEBUG_INFORMATION_FORMAT = dwarf;
				ENABLE_STRICT_OBJC_MSGSEND = YES;
				ENABLE_TESTABILITY = YES;
				GCC_C_LANGUAGE_STANDARD = gnu11;
				GCC_DYNAMIC_NO_PIC = NO;
				GCC_NO_COMMON_BLOCKS = YES;
				GCC_OPTIMIZATION_LEVEL = 0;
				GCC_PREPROCESSOR_DEFINITIONS = (
					"DEBUG=1",
					"$(inherited)",
				);
				GCC_WARN_64_TO_32_BIT_CONVERSION = YES;
				GCC_WARN_ABOUT_RETURN_TYPE = YES_ERROR;
				GCC_WARN_UNDECLARED_SELECTOR = YES;
				GCC_WARN_UNINITIALIZED_AUTOS = YES_AGGRESSIVE;
				GCC_WARN_UNUSED_FUNCTION = YES;
				GCC_WARN_UNUSED_VARIABLE = YES;
				IPHONEOS_DEPLOYMENT_TARGET = 14.3;
				MTL_ENABLE_DEBUG_INFO = INCLUDE_SOURCE;
				MTL_FAST_MATH = YES;
				ONLY_ACTIVE_ARCH = YES;
				SDKROOT = iphoneos;
				SWIFT_ACTIVE_COMPILATION_CONDITIONS = DEBUG;
				SWIFT_OPTIMIZATION_LEVEL = "-Onone";
			};
			name = Debug;
		};
		0519186525DF5D7F0082F78E /* Release */ = {
			isa = XCBuildConfiguration;
			buildSettings = {
				ALWAYS_SEARCH_USER_PATHS = NO;
				CLANG_ANALYZER_NONNULL = YES;
				CLANG_ANALYZER_NUMBER_OBJECT_CONVERSION = YES_AGGRESSIVE;
				CLANG_CXX_LANGUAGE_STANDARD = "gnu++14";
				CLANG_CXX_LIBRARY = "libc++";
				CLANG_ENABLE_MODULES = YES;
				CLANG_ENABLE_OBJC_ARC = YES;
				CLANG_ENABLE_OBJC_WEAK = YES;
				CLANG_WARN_BLOCK_CAPTURE_AUTORELEASING = YES;
				CLANG_WARN_BOOL_CONVERSION = YES;
				CLANG_WARN_COMMA = YES;
				CLANG_WARN_CONSTANT_CONVERSION = YES;
				CLANG_WARN_DEPRECATED_OBJC_IMPLEMENTATIONS = YES;
				CLANG_WARN_DIRECT_OBJC_ISA_USAGE = YES_ERROR;
				CLANG_WARN_DOCUMENTATION_COMMENTS = YES;
				CLANG_WARN_EMPTY_BODY = YES;
				CLANG_WARN_ENUM_CONVERSION = YES;
				CLANG_WARN_INFINITE_RECURSION = YES;
				CLANG_WARN_INT_CONVERSION = YES;
				CLANG_WARN_NON_LITERAL_NULL_CONVERSION = YES;
				CLANG_WARN_OBJC_IMPLICIT_RETAIN_SELF = YES;
				CLANG_WARN_OBJC_LITERAL_CONVERSION = YES;
				CLANG_WARN_OBJC_ROOT_CLASS = YES_ERROR;
				CLANG_WARN_QUOTED_INCLUDE_IN_FRAMEWORK_HEADER = YES;
				CLANG_WARN_RANGE_LOOP_ANALYSIS = YES;
				CLANG_WARN_STRICT_PROTOTYPES = YES;
				CLANG_WARN_SUSPICIOUS_MOVE = YES;
				CLANG_WARN_UNGUARDED_AVAILABILITY = YES_AGGRESSIVE;
				CLANG_WARN_UNREACHABLE_CODE = YES;
				CLANG_WARN__DUPLICATE_METHOD_MATCH = YES;
				COPY_PHASE_STRIP = NO;
				DEBUG_INFORMATION_FORMAT = "dwarf-with-dsym";
				ENABLE_NS_ASSERTIONS = NO;
				ENABLE_STRICT_OBJC_MSGSEND = YES;
				GCC_C_LANGUAGE_STANDARD = gnu11;
				GCC_NO_COMMON_BLOCKS = YES;
				GCC_WARN_64_TO_32_BIT_CONVERSION = YES;
				GCC_WARN_ABOUT_RETURN_TYPE = YES_ERROR;
				GCC_WARN_UNDECLARED_SELECTOR = YES;
				GCC_WARN_UNINITIALIZED_AUTOS = YES_AGGRESSIVE;
				GCC_WARN_UNUSED_FUNCTION = YES;
				GCC_WARN_UNUSED_VARIABLE = YES;
				IPHONEOS_DEPLOYMENT_TARGET = 14.3;
				MTL_ENABLE_DEBUG_INFO = NO;
				MTL_FAST_MATH = YES;
				SDKROOT = iphoneos;
				SWIFT_COMPILATION_MODE = wholemodule;
				SWIFT_OPTIMIZATION_LEVEL = "-O";
				VALIDATE_PRODUCT = YES;
			};
			name = Release;
		};
		0519186725DF5D7F0082F78E /* Debug */ = {
			isa = XCBuildConfiguration;
			buildSettings = {
				ASSETCATALOG_COMPILER_APPICON_NAME = AppIcon;
				ASSETCATALOG_COMPILER_GLOBAL_ACCENT_COLOR_NAME = AccentColor;
				CODE_SIGN_STYLE = Automatic;
				DEVELOPMENT_ASSET_PATHS = "\"XCUITestExample./Preview Content\"";
				ENABLE_PREVIEWS = YES;
				INFOPLIST_FILE = XCUITestExample./Info.plist;
				LD_RUNPATH_SEARCH_PATHS = (
					"$(inherited)",
					"@executable_path/Frameworks",
				);
				PRODUCT_BUNDLE_IDENTIFIER = "com.eugeneiosDev.XCUITestExample-";
				PRODUCT_NAME = "$(TARGET_NAME)";
				SWIFT_VERSION = 5.0;
				TARGETED_DEVICE_FAMILY = "1,2";
			};
			name = Debug;
		};
		0519186825DF5D7F0082F78E /* Release */ = {
			isa = XCBuildConfiguration;
			buildSettings = {
				ASSETCATALOG_COMPILER_APPICON_NAME = AppIcon;
				ASSETCATALOG_COMPILER_GLOBAL_ACCENT_COLOR_NAME = AccentColor;
				CODE_SIGN_STYLE = Automatic;
				DEVELOPMENT_ASSET_PATHS = "\"XCUITestExample./Preview Content\"";
				ENABLE_PREVIEWS = YES;
				INFOPLIST_FILE = XCUITestExample./Info.plist;
				LD_RUNPATH_SEARCH_PATHS = (
					"$(inherited)",
					"@executable_path/Frameworks",
				);
				PRODUCT_BUNDLE_IDENTIFIER = "com.eugeneiosDev.XCUITestExample-";
				PRODUCT_NAME = "$(TARGET_NAME)";
				SWIFT_VERSION = 5.0;
				TARGETED_DEVICE_FAMILY = "1,2";
			};
			name = Release;
		};
		0519186A25DF5D7F0082F78E /* Debug */ = {
			isa = XCBuildConfiguration;
			buildSettings = {
				ALWAYS_EMBED_SWIFT_STANDARD_LIBRARIES = YES;
				BUNDLE_LOADER = "$(TEST_HOST)";
				CODE_SIGN_STYLE = Automatic;
				INFOPLIST_FILE = XCUITestExample.Tests/Info.plist;
				IPHONEOS_DEPLOYMENT_TARGET = 14.3;
				LD_RUNPATH_SEARCH_PATHS = (
					"$(inherited)",
					"@executable_path/Frameworks",
					"@loader_path/Frameworks",
				);
				PRODUCT_BUNDLE_IDENTIFIER = "com.eugeneiosDev.XCUITestExample-Tests";
				PRODUCT_NAME = "$(TARGET_NAME)";
				SWIFT_VERSION = 5.0;
				TARGETED_DEVICE_FAMILY = "1,2";
				TEST_HOST = "$(BUILT_PRODUCTS_DIR)/XCUITestExample..app/XCUITestExample.";
			};
			name = Debug;
		};
		0519186B25DF5D7F0082F78E /* Release */ = {
			isa = XCBuildConfiguration;
			buildSettings = {
				ALWAYS_EMBED_SWIFT_STANDARD_LIBRARIES = YES;
				BUNDLE_LOADER = "$(TEST_HOST)";
				CODE_SIGN_STYLE = Automatic;
				INFOPLIST_FILE = XCUITestExample.Tests/Info.plist;
				IPHONEOS_DEPLOYMENT_TARGET = 14.3;
				LD_RUNPATH_SEARCH_PATHS = (
					"$(inherited)",
					"@executable_path/Frameworks",
					"@loader_path/Frameworks",
				);
				PRODUCT_BUNDLE_IDENTIFIER = "com.eugeneiosDev.XCUITestExample-Tests";
				PRODUCT_NAME = "$(TARGET_NAME)";
				SWIFT_VERSION = 5.0;
				TARGETED_DEVICE_FAMILY = "1,2";
				TEST_HOST = "$(BUILT_PRODUCTS_DIR)/XCUITestExample..app/XCUITestExample.";
			};
			name = Release;
		};
		0519186D25DF5D7F0082F78E /* Debug */ = {
			isa = XCBuildConfiguration;
			buildSettings = {
				ALWAYS_EMBED_SWIFT_STANDARD_LIBRARIES = YES;
				CODE_SIGN_STYLE = Automatic;
				INFOPLIST_FILE = XCUITestExample.UITests/Info.plist;
				LD_RUNPATH_SEARCH_PATHS = (
					"$(inherited)",
					"@executable_path/Frameworks",
					"@loader_path/Frameworks",
				);
				PRODUCT_BUNDLE_IDENTIFIER = "com.eugeneiosDev.XCUITestExample-UITests";
				PRODUCT_NAME = "$(TARGET_NAME)";
				SWIFT_VERSION = 5.0;
				TARGETED_DEVICE_FAMILY = "1,2";
				TEST_TARGET_NAME = XCUITestExample.;
			};
			name = Debug;
		};
		0519186E25DF5D7F0082F78E /* Release */ = {
			isa = XCBuildConfiguration;
			buildSettings = {
				ALWAYS_EMBED_SWIFT_STANDARD_LIBRARIES = YES;
				CODE_SIGN_STYLE = Automatic;
				INFOPLIST_FILE = XCUITestExample.UITests/Info.plist;
				LD_RUNPATH_SEARCH_PATHS = (
					"$(inherited)",
					"@executable_path/Frameworks",
					"@loader_path/Frameworks",
				);
				PRODUCT_BUNDLE_IDENTIFIER = "com.eugeneiosDev.XCUITestExample-UITests";
				PRODUCT_NAME = "$(TARGET_NAME)";
				SWIFT_VERSION = 5.0;
				TARGETED_DEVICE_FAMILY = "1,2";
				TEST_TARGET_NAME = XCUITestExample.;
			};
			name = Release;
		};
		053402AD25F30D0100B9D893 /* Debug */ = {
			isa = XCBuildConfiguration;
			buildSettings = {
				CODE_SIGN_STYLE = Automatic;
				DEVELOPMENT_TEAM = JGX8KL9J9F;
				INFOPLIST_FILE = XCUITestExample.UITestsYouTube/Info.plist;
				LD_RUNPATH_SEARCH_PATHS = (
					"$(inherited)",
					"@executable_path/Frameworks",
					"@loader_path/Frameworks",
				);
				PRODUCT_BUNDLE_IDENTIFIER = "com.eugeneiosDev.XCUITestExample-UITestsYouTube";
				PRODUCT_NAME = "$(TARGET_NAME)";
				SWIFT_VERSION = 5.0;
				TARGETED_DEVICE_FAMILY = "1,2";
				TEST_TARGET_NAME = XCUITestExample.;
			};
			name = Debug;
		};
		053402AE25F30D0100B9D893 /* Release */ = {
			isa = XCBuildConfiguration;
			buildSettings = {
				CODE_SIGN_STYLE = Automatic;
				DEVELOPMENT_TEAM = JGX8KL9J9F;
				INFOPLIST_FILE = XCUITestExample.UITestsYouTube/Info.plist;
				LD_RUNPATH_SEARCH_PATHS = (
					"$(inherited)",
					"@executable_path/Frameworks",
					"@loader_path/Frameworks",
				);
				PRODUCT_BUNDLE_IDENTIFIER = "com.eugeneiosDev.XCUITestExample-UITestsYouTube";
				PRODUCT_NAME = "$(TARGET_NAME)";
				SWIFT_VERSION = 5.0;
				TARGETED_DEVICE_FAMILY = "1,2";
				TEST_TARGET_NAME = XCUITestExample.;
			};
			name = Release;
		};
		053402C025F317B400B9D893 /* Debug */ = {
			isa = XCBuildConfiguration;
			buildSettings = {
				CODE_SIGN_STYLE = Automatic;
				DEVELOPMENT_TEAM = JGX8KL9J9F;
				INFOPLIST_FILE = XCUITestExample.UITestsTest/Info.plist;
				LD_RUNPATH_SEARCH_PATHS = (
					"$(inherited)",
					"@executable_path/Frameworks",
					"@loader_path/Frameworks",
				);
				PRODUCT_BUNDLE_IDENTIFIER = "com.eugeneiosDev.XCUITestExample-UITestsTest";
				PRODUCT_NAME = "$(TARGET_NAME)";
				SWIFT_VERSION = 5.0;
				TARGETED_DEVICE_FAMILY = "1,2";
				TEST_TARGET_NAME = XCUITestExample.;
			};
			name = Debug;
		};
		053402C125F317B400B9D893 /* Release */ = {
			isa = XCBuildConfiguration;
			buildSettings = {
				CODE_SIGN_STYLE = Automatic;
				DEVELOPMENT_TEAM = JGX8KL9J9F;
				INFOPLIST_FILE = XCUITestExample.UITestsTest/Info.plist;
				LD_RUNPATH_SEARCH_PATHS = (
					"$(inherited)",
					"@executable_path/Frameworks",
					"@loader_path/Frameworks",
				);
				PRODUCT_BUNDLE_IDENTIFIER = "com.eugeneiosDev.XCUITestExample-UITestsTest";
				PRODUCT_NAME = "$(TARGET_NAME)";
				SWIFT_VERSION = 5.0;
				TARGETED_DEVICE_FAMILY = "1,2";
				TEST_TARGET_NAME = XCUITestExample.;
			};
			name = Release;
		};
/* End XCBuildConfiguration section */

/* Begin XCConfigurationList section */
		0519183725DF5D7E0082F78E /* Build configuration list for PBXProject "XCUITestExample." */ = {
			isa = XCConfigurationList;
			buildConfigurations = (
				0519186425DF5D7F0082F78E /* Debug */,
				0519186525DF5D7F0082F78E /* Release */,
			);
			defaultConfigurationIsVisible = 0;
			defaultConfigurationName = Release;
		};
		0519186625DF5D7F0082F78E /* Build configuration list for PBXNativeTarget "XCUITestExample." */ = {
			isa = XCConfigurationList;
			buildConfigurations = (
				0519186725DF5D7F0082F78E /* Debug */,
				0519186825DF5D7F0082F78E /* Release */,
			);
			defaultConfigurationIsVisible = 0;
			defaultConfigurationName = Release;
		};
		0519186925DF5D7F0082F78E /* Build configuration list for PBXNativeTarget "XCUITestExample.Tests" */ = {
			isa = XCConfigurationList;
			buildConfigurations = (
				0519186A25DF5D7F0082F78E /* Debug */,
				0519186B25DF5D7F0082F78E /* Release */,
			);
			defaultConfigurationIsVisible = 0;
			defaultConfigurationName = Release;
		};
		0519186C25DF5D7F0082F78E /* Build configuration list for PBXNativeTarget "XCUITestExample.UITests" */ = {
			isa = XCConfigurationList;
			buildConfigurations = (
				0519186D25DF5D7F0082F78E /* Debug */,
				0519186E25DF5D7F0082F78E /* Release */,
			);
			defaultConfigurationIsVisible = 0;
			defaultConfigurationName = Release;
		};
		053402AF25F30D0100B9D893 /* Build configuration list for PBXNativeTarget "XCUITestExample.UITestsYouTube" */ = {
			isa = XCConfigurationList;
			buildConfigurations = (
				053402AD25F30D0100B9D893 /* Debug */,
				053402AE25F30D0100B9D893 /* Release */,
			);
			defaultConfigurationIsVisible = 0;
			defaultConfigurationName = Release;
		};
		053402BF25F317B400B9D893 /* Build configuration list for PBXNativeTarget "XCUITestExample.UITestsTest" */ = {
			isa = XCConfigurationList;
			buildConfigurations = (
				053402C025F317B400B9D893 /* Debug */,
				053402C125F317B400B9D893 /* Release */,
			);
			defaultConfigurationIsVisible = 0;
			defaultConfigurationName = Release;
		};
/* End XCConfigurationList section */
	};
	rootObject = 0519183425DF5D7E0082F78E /* Project object */;
}
